<?xml version="1.0" encoding="utf-8"?>
<Project ToolsVersion="4.0" xmlns="http://schemas.microsoft.com/developer/msbuild/2003">
  <ItemGroup>
    <Filter Include="Core">
      <UniqueIdentifier>{2EB4837C-1AEB-840D-C3D7-6A10AFED000F}</UniqueIdentifier>
    </Filter>
    <Filter Include="Core\Chapter1">
      <UniqueIdentifier>{55E200D0-C1A2-7C06-8ADD-C583F65CC1E2}</UniqueIdentifier>
    </Filter>
    <Filter Include="Core\Chapter2">
      <UniqueIdentifier>{56E200D0-C2A2-7C06-8BDD-C583F75CC1E2}</UniqueIdentifier>
    </Filter>
    <Filter Include="Core\Chapter3">
      <UniqueIdentifier>{57E200D0-C3A2-7C06-8CDD-C583F85CC1E2}</UniqueIdentifier>
    </Filter>
    <Filter Include="Core\Chapter4">
      <UniqueIdentifier>{58E200D0-C4A2-7C06-8DDD-C583F95CC1E2}</UniqueIdentifier>
    </Filter>
    <Filter Include="Core\Common">
      <UniqueIdentifier>{A681F66E-1237-6F64-9B2B-693B07E06568}</UniqueIdentifier>
    </Filter>
    <Filter Include="External">
      <UniqueIdentifier>{089DB854-F469-1360-1D83-010809AF48EE}</UniqueIdentifier>
    </Filter>
    <Filter Include="External\glm">
      <UniqueIdentifier>{576B6B0A-43CE-FAAE-EC53-3365D895C631}</UniqueIdentifier>
    </Filter>
    <Filter Include="External\glm\glm">
      <UniqueIdentifier>{26C96ADE-12C2-8930-3BF4-6EB5274C693C}</UniqueIdentifier>
    </Filter>
    <Filter Include="External\glm\glm\detail">
      <UniqueIdentifier>{283AAE17-9471-F6AE-9D7B-5AD209321DA8}</UniqueIdentifier>
    </Filter>
    <Filter Include="External\glm\glm\ext">
      <UniqueIdentifier>{866F723B-72FE-FB04-1B1D-1000078B0CAB}</UniqueIdentifier>
    </Filter>
    <Filter Include="External\glm\glm\gtc">
      <UniqueIdentifier>{7377723B-5F06-FC04-0825-1000F4920CAB}</UniqueIdentifier>
    </Filter>
    <Filter Include="External\glm\glm\gtx">
      <UniqueIdentifier>{8877723B-7406-FC04-1D25-100009930CAB}</UniqueIdentifier>
    </Filter>
    <Filter Include="External\stb_image">
      <UniqueIdentifier>{A237811D-8E1B-4273-F77B-3CC6E37E2CF5}</UniqueIdentifier>
    </Filter>
    <Filter Include="Shaders">
      <UniqueIdentifier>{EFAC8DF2-5B8C-0C8E-64A4-9764D00273EF}</UniqueIdentifier>
    </Filter>
    <Filter Include="Shaders\Chapter1">
      <UniqueIdentifier>{3644B968-223D-D8BA-4B6F-BD3F37C7B7C6}</UniqueIdentifier>
    </Filter>
    <Filter Include="Shaders\Chapter2">
      <UniqueIdentifier>{3744B968-233D-D8BA-4C6F-BD3F38C7B7C6}</UniqueIdentifier>
    </Filter>
    <Filter Include="Shaders\Chapter3">
      <UniqueIdentifier>{3844B968-243D-D8BA-4D6F-BD3F39C7B7C6}</UniqueIdentifier>
    </Filter>
    <Filter Include="Shaders\Chapter4">
      <UniqueIdentifier>{3944B968-253D-D8BA-4E6F-BD3F3AC7B7C6}</UniqueIdentifier>
    </Filter>
    <Filter Include="Textures">
      <UniqueIdentifier>{A95C6780-9529-C28B-BE42-B033AA6EF719}</UniqueIdentifier>
    </Filter>
  </ItemGroup>
  <ItemGroup>
    <ClInclude Include="Core\Chapter1\Chapter1.h">
      <Filter>Core\Chapter1</Filter>
    </ClInclude>
    <ClInclude Include="Core\Chapter2\Chapter2.h">
      <Filter>Core\Chapter2</Filter>
    </ClInclude>
    <ClInclude Include="Core\Chapter3\Chapter3.h">
      <Filter>Core\Chapter3</Filter>
    </ClInclude>
    <ClInclude Include="Core\Chapter4\Chapter4.h">
      <Filter>Core\Chapter4</Filter>
    </ClInclude>
    <ClInclude Include="Core\Common\Camera.h">
      <Filter>Core\Common</Filter>
    </ClInclude>
    <ClInclude Include="Core\Common\Mesh.h">
      <Filter>Core\Common</Filter>
    </ClInclude>
    <ClInclude Include="Core\Common\Model.h">
      <Filter>Core\Common</Filter>
    </ClInclude>
    <ClInclude Include="Core\Common\Shader.h">
      <Filter>Core\Common</Filter>
    </ClInclude>
    <ClInclude Include="Core\Common\Utility.h">
      <Filter>Core\Common</Filter>
    </ClInclude>
    <ClInclude Include="External\glm\glm\common.hpp">
      <Filter>External\glm\glm</Filter>
    </ClInclude>
    <ClInclude Include="External\glm\glm\detail\_features.hpp">
      <Filter>External\glm\glm\detail</Filter>
    </ClInclude>
    <ClInclude Include="External\glm\glm\detail\_fixes.hpp">
      <Filter>External\glm\glm\detail</Filter>
    </ClInclude>
    <ClInclude Include="External\glm\glm\detail\_noise.hpp">
      <Filter>External\glm\glm\detail</Filter>
    </ClInclude>
    <ClInclude Include="External\glm\glm\detail\_swizzle.hpp">
      <Filter>External\glm\glm\detail</Filter>
    </ClInclude>
    <ClInclude Include="External\glm\glm\detail\_swizzle_func.hpp">
      <Filter>External\glm\glm\detail</Filter>
    </ClInclude>
    <ClInclude Include="External\glm\glm\detail\_vectorize.hpp">
      <Filter>External\glm\glm\detail</Filter>
    </ClInclude>
    <ClInclude Include="External\glm\glm\detail\compute_common.hpp">
      <Filter>External\glm\glm\detail</Filter>
    </ClInclude>
    <ClInclude Include="External\glm\glm\detail\compute_vector_decl.hpp">
      <Filter>External\glm\glm\detail</Filter>
    </ClInclude>
    <ClInclude Include="External\glm\glm\detail\compute_vector_relational.hpp">
      <Filter>External\glm\glm\detail</Filter>
    </ClInclude>
    <ClInclude Include="External\glm\glm\detail\qualifier.hpp">
      <Filter>External\glm\glm\detail</Filter>
    </ClInclude>
    <ClInclude Include="External\glm\glm\detail\setup.hpp">
      <Filter>External\glm\glm\detail</Filter>
    </ClInclude>
    <ClInclude Include="External\glm\glm\detail\type_float.hpp">
      <Filter>External\glm\glm\detail</Filter>
    </ClInclude>
    <ClInclude Include="External\glm\glm\detail\type_half.hpp">
      <Filter>External\glm\glm\detail</Filter>
    </ClInclude>
    <ClInclude Include="External\glm\glm\detail\type_mat2x2.hpp">
      <Filter>External\glm\glm\detail</Filter>
    </ClInclude>
    <ClInclude Include="External\glm\glm\detail\type_mat2x3.hpp">
      <Filter>External\glm\glm\detail</Filter>
    </ClInclude>
    <ClInclude Include="External\glm\glm\detail\type_mat2x4.hpp">
      <Filter>External\glm\glm\detail</Filter>
    </ClInclude>
    <ClInclude Include="External\glm\glm\detail\type_mat3x2.hpp">
      <Filter>External\glm\glm\detail</Filter>
    </ClInclude>
    <ClInclude Include="External\glm\glm\detail\type_mat3x3.hpp">
      <Filter>External\glm\glm\detail</Filter>
    </ClInclude>
    <ClInclude Include="External\glm\glm\detail\type_mat3x4.hpp">
      <Filter>External\glm\glm\detail</Filter>
    </ClInclude>
    <ClInclude Include="External\glm\glm\detail\type_mat4x2.hpp">
      <Filter>External\glm\glm\detail</Filter>
    </ClInclude>
    <ClInclude Include="External\glm\glm\detail\type_mat4x3.hpp">
      <Filter>External\glm\glm\detail</Filter>
    </ClInclude>
    <ClInclude Include="External\glm\glm\detail\type_mat4x4.hpp">
      <Filter>External\glm\glm\detail</Filter>
    </ClInclude>
    <ClInclude Include="External\glm\glm\detail\type_quat.hpp">
      <Filter>External\glm\glm\detail</Filter>
    </ClInclude>
    <ClInclude Include="External\glm\glm\detail\type_vec1.hpp">
      <Filter>External\glm\glm\detail</Filter>
    </ClInclude>
    <ClInclude Include="External\glm\glm\detail\type_vec2.hpp">
      <Filter>External\glm\glm\detail</Filter>
    </ClInclude>
    <ClInclude Include="External\glm\glm\detail\type_vec3.hpp">
      <Filter>External\glm\glm\detail</Filter>
    </ClInclude>
    <ClInclude Include="External\glm\glm\detail\type_vec4.hpp">
      <Filter>External\glm\glm\detail</Filter>
    </ClInclude>
    <ClInclude Include="External\glm\glm\exponential.hpp">
      <Filter>External\glm\glm</Filter>
    </ClInclude>
    <ClInclude Include="External\glm\glm\ext.hpp">
      <Filter>External\glm\glm</Filter>
    </ClInclude>
    <ClInclude Include="External\glm\glm\ext\_matrix_vectorize.hpp">
      <Filter>External\glm\glm\ext</Filter>
    </ClInclude>
    <ClInclude Include="External\glm\glm\ext\matrix_clip_space.hpp">
      <Filter>External\glm\glm\ext</Filter>
    </ClInclude>
    <ClInclude Include="External\glm\glm\ext\matrix_common.hpp">
      <Filter>External\glm\glm\ext</Filter>
    </ClInclude>
    <ClInclude Include="External\glm\glm\ext\matrix_double2x2.hpp">
      <Filter>External\glm\glm\ext</Filter>
    </ClInclude>
    <ClInclude Include="External\glm\glm\ext\matrix_double2x2_precision.hpp">
      <Filter>External\glm\glm\ext</Filter>
    </ClInclude>
    <ClInclude Include="External\glm\glm\ext\matrix_double2x3.hpp">
      <Filter>External\glm\glm\ext</Filter>
    </ClInclude>
    <ClInclude Include="External\glm\glm\ext\matrix_double2x3_precision.hpp">
      <Filter>External\glm\glm\ext</Filter>
    </ClInclude>
    <ClInclude Include="External\glm\glm\ext\matrix_double2x4.hpp">
      <Filter>External\glm\glm\ext</Filter>
    </ClInclude>
    <ClInclude Include="External\glm\glm\ext\matrix_double2x4_precision.hpp">
      <Filter>External\glm\glm\ext</Filter>
    </ClInclude>
    <ClInclude Include="External\glm\glm\ext\matrix_double3x2.hpp">
      <Filter>External\glm\glm\ext</Filter>
    </ClInclude>
    <ClInclude Include="External\glm\glm\ext\matrix_double3x2_precision.hpp">
      <Filter>External\glm\glm\ext</Filter>
    </ClInclude>
    <ClInclude Include="External\glm\glm\ext\matrix_double3x3.hpp">
      <Filter>External\glm\glm\ext</Filter>
    </ClInclude>
    <ClInclude Include="External\glm\glm\ext\matrix_double3x3_precision.hpp">
      <Filter>External\glm\glm\ext</Filter>
    </ClInclude>
    <ClInclude Include="External\glm\glm\ext\matrix_double3x4.hpp">
      <Filter>External\glm\glm\ext</Filter>
    </ClInclude>
    <ClInclude Include="External\glm\glm\ext\matrix_double3x4_precision.hpp">
      <Filter>External\glm\glm\ext</Filter>
    </ClInclude>
    <ClInclude Include="External\glm\glm\ext\matrix_double4x2.hpp">
      <Filter>External\glm\glm\ext</Filter>
    </ClInclude>
    <ClInclude Include="External\glm\glm\ext\matrix_double4x2_precision.hpp">
      <Filter>External\glm\glm\ext</Filter>
    </ClInclude>
    <ClInclude Include="External\glm\glm\ext\matrix_double4x3.hpp">
      <Filter>External\glm\glm\ext</Filter>
    </ClInclude>
    <ClInclude Include="External\glm\glm\ext\matrix_double4x3_precision.hpp">
      <Filter>External\glm\glm\ext</Filter>
    </ClInclude>
    <ClInclude Include="External\glm\glm\ext\matrix_double4x4.hpp">
      <Filter>External\glm\glm\ext</Filter>
    </ClInclude>
    <ClInclude Include="External\glm\glm\ext\matrix_double4x4_precision.hpp">
      <Filter>External\glm\glm\ext</Filter>
    </ClInclude>
    <ClInclude Include="External\glm\glm\ext\matrix_float2x2.hpp">
      <Filter>External\glm\glm\ext</Filter>
    </ClInclude>
    <ClInclude Include="External\glm\glm\ext\matrix_float2x2_precision.hpp">
      <Filter>External\glm\glm\ext</Filter>
    </ClInclude>
    <ClInclude Include="External\glm\glm\ext\matrix_float2x3.hpp">
      <Filter>External\glm\glm\ext</Filter>
    </ClInclude>
    <ClInclude Include="External\glm\glm\ext\matrix_float2x3_precision.hpp">
      <Filter>External\glm\glm\ext</Filter>
    </ClInclude>
    <ClInclude Include="External\glm\glm\ext\matrix_float2x4.hpp">
      <Filter>External\glm\glm\ext</Filter>
    </ClInclude>
    <ClInclude Include="External\glm\glm\ext\matrix_float2x4_precision.hpp">
      <Filter>External\glm\glm\ext</Filter>
    </ClInclude>
    <ClInclude Include="External\glm\glm\ext\matrix_float3x2.hpp">
      <Filter>External\glm\glm\ext</Filter>
    </ClInclude>
    <ClInclude Include="External\glm\glm\ext\matrix_float3x2_precision.hpp">
      <Filter>External\glm\glm\ext</Filter>
    </ClInclude>
    <ClInclude Include="External\glm\glm\ext\matrix_float3x3.hpp">
      <Filter>External\glm\glm\ext</Filter>
    </ClInclude>
    <ClInclude Include="External\glm\glm\ext\matrix_float3x3_precision.hpp">
      <Filter>External\glm\glm\ext</Filter>
    </ClInclude>
    <ClInclude Include="External\glm\glm\ext\matrix_float3x4.hpp">
      <Filter>External\glm\glm\ext</Filter>
    </ClInclude>
    <ClInclude Include="External\glm\glm\ext\matrix_float3x4_precision.hpp">
      <Filter>External\glm\glm\ext</Filter>
    </ClInclude>
    <ClInclude Include="External\glm\glm\ext\matrix_float4x2.hpp">
      <Filter>External\glm\glm\ext</Filter>
    </ClInclude>
    <ClInclude Include="External\glm\glm\ext\matrix_float4x2_precision.hpp">
      <Filter>External\glm\glm\ext</Filter>
    </ClInclude>
    <ClInclude Include="External\glm\glm\ext\matrix_float4x3.hpp">
      <Filter>External\glm\glm\ext</Filter>
    </ClInclude>
    <ClInclude Include="External\glm\glm\ext\matrix_float4x3_precision.hpp">
      <Filter>External\glm\glm\ext</Filter>
    </ClInclude>
    <ClInclude Include="External\glm\glm\ext\matrix_float4x4.hpp">
      <Filter>External\glm\glm\ext</Filter>
    </ClInclude>
    <ClInclude Include="External\glm\glm\ext\matrix_float4x4_precision.hpp">
      <Filter>External\glm\glm\ext</Filter>
    </ClInclude>
    <ClInclude Include="External\glm\glm\ext\matrix_int2x2.hpp">
      <Filter>External\glm\glm\ext</Filter>
    </ClInclude>
    <ClInclude Include="External\glm\glm\ext\matrix_int2x2_sized.hpp">
      <Filter>External\glm\glm\ext</Filter>
    </ClInclude>
    <ClInclude Include="External\glm\glm\ext\matrix_int2x3.hpp">
      <Filter>External\glm\glm\ext</Filter>
    </ClInclude>
    <ClInclude Include="External\glm\glm\ext\matrix_int2x3_sized.hpp">
      <Filter>External\glm\glm\ext</Filter>
    </ClInclude>
    <ClInclude Include="External\glm\glm\ext\matrix_int2x4.hpp">
      <Filter>External\glm\glm\ext</Filter>
    </ClInclude>
    <ClInclude Include="External\glm\glm\ext\matrix_int2x4_sized.hpp">
      <Filter>External\glm\glm\ext</Filter>
    </ClInclude>
    <ClInclude Include="External\glm\glm\ext\matrix_int3x2.hpp">
      <Filter>External\glm\glm\ext</Filter>
    </ClInclude>
    <ClInclude Include="External\glm\glm\ext\matrix_int3x2_sized.hpp">
      <Filter>External\glm\glm\ext</Filter>
    </ClInclude>
    <ClInclude Include="External\glm\glm\ext\matrix_int3x3.hpp">
      <Filter>External\glm\glm\ext</Filter>
    </ClInclude>
    <ClInclude Include="External\glm\glm\ext\matrix_int3x3_sized.hpp">
      <Filter>External\glm\glm\ext</Filter>
    </ClInclude>
    <ClInclude Include="External\glm\glm\ext\matrix_int3x4.hpp">
      <Filter>External\glm\glm\ext</Filter>
    </ClInclude>
    <ClInclude Include="External\glm\glm\ext\matrix_int3x4_sized.hpp">
      <Filter>External\glm\glm\ext</Filter>
    </ClInclude>
    <ClInclude Include="External\glm\glm\ext\matrix_int4x2.hpp">
      <Filter>External\glm\glm\ext</Filter>
    </ClInclude>
    <ClInclude Include="External\glm\glm\ext\matrix_int4x2_sized.hpp">
      <Filter>External\glm\glm\ext</Filter>
    </ClInclude>
    <ClInclude Include="External\glm\glm\ext\matrix_int4x3.hpp">
      <Filter>External\glm\glm\ext</Filter>
    </ClInclude>
    <ClInclude Include="External\glm\glm\ext\matrix_int4x3_sized.hpp">
      <Filter>External\glm\glm\ext</Filter>
    </ClInclude>
    <ClInclude Include="External\glm\glm\ext\matrix_int4x4.hpp">
      <Filter>External\glm\glm\ext</Filter>
    </ClInclude>
    <ClInclude Include="External\glm\glm\ext\matrix_int4x4_sized.hpp">
      <Filter>External\glm\glm\ext</Filter>
    </ClInclude>
    <ClInclude Include="External\glm\glm\ext\matrix_integer.hpp">
      <Filter>External\glm\glm\ext</Filter>
    </ClInclude>
    <ClInclude Include="External\glm\glm\ext\matrix_projection.hpp">
      <Filter>External\glm\glm\ext</Filter>
    </ClInclude>
    <ClInclude Include="External\glm\glm\ext\matrix_relational.hpp">
      <Filter>External\glm\glm\ext</Filter>
    </ClInclude>
    <ClInclude Include="External\glm\glm\ext\matrix_transform.hpp">
      <Filter>External\glm\glm\ext</Filter>
    </ClInclude>
    <ClInclude Include="External\glm\glm\ext\matrix_uint2x2.hpp">
      <Filter>External\glm\glm\ext</Filter>
    </ClInclude>
    <ClInclude Include="External\glm\glm\ext\matrix_uint2x2_sized.hpp">
      <Filter>External\glm\glm\ext</Filter>
    </ClInclude>
    <ClInclude Include="External\glm\glm\ext\matrix_uint2x3.hpp">
      <Filter>External\glm\glm\ext</Filter>
    </ClInclude>
    <ClInclude Include="External\glm\glm\ext\matrix_uint2x3_sized.hpp">
      <Filter>External\glm\glm\ext</Filter>
    </ClInclude>
    <ClInclude Include="External\glm\glm\ext\matrix_uint2x4.hpp">
      <Filter>External\glm\glm\ext</Filter>
    </ClInclude>
    <ClInclude Include="External\glm\glm\ext\matrix_uint2x4_sized.hpp">
      <Filter>External\glm\glm\ext</Filter>
    </ClInclude>
    <ClInclude Include="External\glm\glm\ext\matrix_uint3x2.hpp">
      <Filter>External\glm\glm\ext</Filter>
    </ClInclude>
    <ClInclude Include="External\glm\glm\ext\matrix_uint3x2_sized.hpp">
      <Filter>External\glm\glm\ext</Filter>
    </ClInclude>
    <ClInclude Include="External\glm\glm\ext\matrix_uint3x3.hpp">
      <Filter>External\glm\glm\ext</Filter>
    </ClInclude>
    <ClInclude Include="External\glm\glm\ext\matrix_uint3x3_sized.hpp">
      <Filter>External\glm\glm\ext</Filter>
    </ClInclude>
    <ClInclude Include="External\glm\glm\ext\matrix_uint3x4.hpp">
      <Filter>External\glm\glm\ext</Filter>
    </ClInclude>
    <ClInclude Include="External\glm\glm\ext\matrix_uint3x4_sized.hpp">
      <Filter>External\glm\glm\ext</Filter>
    </ClInclude>
    <ClInclude Include="External\glm\glm\ext\matrix_uint4x2.hpp">
      <Filter>External\glm\glm\ext</Filter>
    </ClInclude>
    <ClInclude Include="External\glm\glm\ext\matrix_uint4x2_sized.hpp">
      <Filter>External\glm\glm\ext</Filter>
    </ClInclude>
    <ClInclude Include="External\glm\glm\ext\matrix_uint4x3.hpp">
      <Filter>External\glm\glm\ext</Filter>
    </ClInclude>
    <ClInclude Include="External\glm\glm\ext\matrix_uint4x3_sized.hpp">
      <Filter>External\glm\glm\ext</Filter>
    </ClInclude>
    <ClInclude Include="External\glm\glm\ext\matrix_uint4x4.hpp">
      <Filter>External\glm\glm\ext</Filter>
    </ClInclude>
    <ClInclude Include="External\glm\glm\ext\matrix_uint4x4_sized.hpp">
      <Filter>External\glm\glm\ext</Filter>
    </ClInclude>
    <ClInclude Include="External\glm\glm\ext\quaternion_common.hpp">
      <Filter>External\glm\glm\ext</Filter>
    </ClInclude>
    <ClInclude Include="External\glm\glm\ext\quaternion_double.hpp">
      <Filter>External\glm\glm\ext</Filter>
    </ClInclude>
    <ClInclude Include="External\glm\glm\ext\quaternion_double_precision.hpp">
      <Filter>External\glm\glm\ext</Filter>
    </ClInclude>
    <ClInclude Include="External\glm\glm\ext\quaternion_exponential.hpp">
      <Filter>External\glm\glm\ext</Filter>
    </ClInclude>
    <ClInclude Include="External\glm\glm\ext\quaternion_float.hpp">
      <Filter>External\glm\glm\ext</Filter>
    </ClInclude>
    <ClInclude Include="External\glm\glm\ext\quaternion_float_precision.hpp">
      <Filter>External\glm\glm\ext</Filter>
    </ClInclude>
    <ClInclude Include="External\glm\glm\ext\quaternion_geometric.hpp">
      <Filter>External\glm\glm\ext</Filter>
    </ClInclude>
    <ClInclude Include="External\glm\glm\ext\quaternion_relational.hpp">
      <Filter>External\glm\glm\ext</Filter>
    </ClInclude>
    <ClInclude Include="External\glm\glm\ext\quaternion_transform.hpp">
      <Filter>External\glm\glm\ext</Filter>
    </ClInclude>
    <ClInclude Include="External\glm\glm\ext\quaternion_trigonometric.hpp">
      <Filter>External\glm\glm\ext</Filter>
    </ClInclude>
    <ClInclude Include="External\glm\glm\ext\scalar_common.hpp">
      <Filter>External\glm\glm\ext</Filter>
    </ClInclude>
    <ClInclude Include="External\glm\glm\ext\scalar_constants.hpp">
      <Filter>External\glm\glm\ext</Filter>
    </ClInclude>
    <ClInclude Include="External\glm\glm\ext\scalar_int_sized.hpp">
      <Filter>External\glm\glm\ext</Filter>
    </ClInclude>
    <ClInclude Include="External\glm\glm\ext\scalar_integer.hpp">
      <Filter>External\glm\glm\ext</Filter>
    </ClInclude>
    <ClInclude Include="External\glm\glm\ext\scalar_packing.hpp">
      <Filter>External\glm\glm\ext</Filter>
    </ClInclude>
    <ClInclude Include="External\glm\glm\ext\scalar_reciprocal.hpp">
      <Filter>External\glm\glm\ext</Filter>
    </ClInclude>
    <ClInclude Include="External\glm\glm\ext\scalar_relational.hpp">
      <Filter>External\glm\glm\ext</Filter>
    </ClInclude>
    <ClInclude Include="External\glm\glm\ext\scalar_uint_sized.hpp">
      <Filter>External\glm\glm\ext</Filter>
    </ClInclude>
    <ClInclude Include="External\glm\glm\ext\scalar_ulp.hpp">
      <Filter>External\glm\glm\ext</Filter>
    </ClInclude>
    <ClInclude Include="External\glm\glm\ext\vector_bool1.hpp">
      <Filter>External\glm\glm\ext</Filter>
    </ClInclude>
    <ClInclude Include="External\glm\glm\ext\vector_bool1_precision.hpp">
      <Filter>External\glm\glm\ext</Filter>
    </ClInclude>
    <ClInclude Include="External\glm\glm\ext\vector_bool2.hpp">
      <Filter>External\glm\glm\ext</Filter>
    </ClInclude>
    <ClInclude Include="External\glm\glm\ext\vector_bool2_precision.hpp">
      <Filter>External\glm\glm\ext</Filter>
    </ClInclude>
    <ClInclude Include="External\glm\glm\ext\vector_bool3.hpp">
      <Filter>External\glm\glm\ext</Filter>
    </ClInclude>
    <ClInclude Include="External\glm\glm\ext\vector_bool3_precision.hpp">
      <Filter>External\glm\glm\ext</Filter>
    </ClInclude>
    <ClInclude Include="External\glm\glm\ext\vector_bool4.hpp">
      <Filter>External\glm\glm\ext</Filter>
    </ClInclude>
    <ClInclude Include="External\glm\glm\ext\vector_bool4_precision.hpp">
      <Filter>External\glm\glm\ext</Filter>
    </ClInclude>
    <ClInclude Include="External\glm\glm\ext\vector_common.hpp">
      <Filter>External\glm\glm\ext</Filter>
    </ClInclude>
    <ClInclude Include="External\glm\glm\ext\vector_double1.hpp">
      <Filter>External\glm\glm\ext</Filter>
    </ClInclude>
    <ClInclude Include="External\glm\glm\ext\vector_double1_precision.hpp">
      <Filter>External\glm\glm\ext</Filter>
    </ClInclude>
    <ClInclude Include="External\glm\glm\ext\vector_double2.hpp">
      <Filter>External\glm\glm\ext</Filter>
    </ClInclude>
    <ClInclude Include="External\glm\glm\ext\vector_double2_precision.hpp">
      <Filter>External\glm\glm\ext</Filter>
    </ClInclude>
    <ClInclude Include="External\glm\glm\ext\vector_double3.hpp">
      <Filter>External\glm\glm\ext</Filter>
    </ClInclude>
    <ClInclude Include="External\glm\glm\ext\vector_double3_precision.hpp">
      <Filter>External\glm\glm\ext</Filter>
    </ClInclude>
    <ClInclude Include="External\glm\glm\ext\vector_double4.hpp">
      <Filter>External\glm\glm\ext</Filter>
    </ClInclude>
    <ClInclude Include="External\glm\glm\ext\vector_double4_precision.hpp">
      <Filter>External\glm\glm\ext</Filter>
    </ClInclude>
    <ClInclude Include="External\glm\glm\ext\vector_float1.hpp">
      <Filter>External\glm\glm\ext</Filter>
    </ClInclude>
    <ClInclude Include="External\glm\glm\ext\vector_float1_precision.hpp">
      <Filter>External\glm\glm\ext</Filter>
    </ClInclude>
    <ClInclude Include="External\glm\glm\ext\vector_float2.hpp">
      <Filter>External\glm\glm\ext</Filter>
    </ClInclude>
    <ClInclude Include="External\glm\glm\ext\vector_float2_precision.hpp">
      <Filter>External\glm\glm\ext</Filter>
    </ClInclude>
    <ClInclude Include="External\glm\glm\ext\vector_float3.hpp">
      <Filter>External\glm\glm\ext</Filter>
    </ClInclude>
    <ClInclude Include="External\glm\glm\ext\vector_float3_precision.hpp">
      <Filter>External\glm\glm\ext</Filter>
    </ClInclude>
    <ClInclude Include="External\glm\glm\ext\vector_float4.hpp">
      <Filter>External\glm\glm\ext</Filter>
    </ClInclude>
    <ClInclude Include="External\glm\glm\ext\vector_float4_precision.hpp">
      <Filter>External\glm\glm\ext</Filter>
    </ClInclude>
    <ClInclude Include="External\glm\glm\ext\vector_int1.hpp">
      <Filter>External\glm\glm\ext</Filter>
    </ClInclude>
    <ClInclude Include="External\glm\glm\ext\vector_int1_sized.hpp">
      <Filter>External\glm\glm\ext</Filter>
    </ClInclude>
    <ClInclude Include="External\glm\glm\ext\vector_int2.hpp">
      <Filter>External\glm\glm\ext</Filter>
    </ClInclude>
    <ClInclude Include="External\glm\glm\ext\vector_int2_sized.hpp">
      <Filter>External\glm\glm\ext</Filter>
    </ClInclude>
    <ClInclude Include="External\glm\glm\ext\vector_int3.hpp">
      <Filter>External\glm\glm\ext</Filter>
    </ClInclude>
    <ClInclude Include="External\glm\glm\ext\vector_int3_sized.hpp">
      <Filter>External\glm\glm\ext</Filter>
    </ClInclude>
    <ClInclude Include="External\glm\glm\ext\vector_int4.hpp">
      <Filter>External\glm\glm\ext</Filter>
    </ClInclude>
    <ClInclude Include="External\glm\glm\ext\vector_int4_sized.hpp">
      <Filter>External\glm\glm\ext</Filter>
    </ClInclude>
    <ClInclude Include="External\glm\glm\ext\vector_integer.hpp">
      <Filter>External\glm\glm\ext</Filter>
    </ClInclude>
    <ClInclude Include="External\glm\glm\ext\vector_packing.hpp">
      <Filter>External\glm\glm\ext</Filter>
    </ClInclude>
    <ClInclude Include="External\glm\glm\ext\vector_reciprocal.hpp">
      <Filter>External\glm\glm\ext</Filter>
    </ClInclude>
    <ClInclude Include="External\glm\glm\ext\vector_relational.hpp">
      <Filter>External\glm\glm\ext</Filter>
    </ClInclude>
    <ClInclude Include="External\glm\glm\ext\vector_uint1.hpp">
      <Filter>External\glm\glm\ext</Filter>
    </ClInclude>
    <ClInclude Include="External\glm\glm\ext\vector_uint1_sized.hpp">
      <Filter>External\glm\glm\ext</Filter>
    </ClInclude>
    <ClInclude Include="External\glm\glm\ext\vector_uint2.hpp">
      <Filter>External\glm\glm\ext</Filter>
    </ClInclude>
    <ClInclude Include="External\glm\glm\ext\vector_uint2_sized.hpp">
      <Filter>External\glm\glm\ext</Filter>
    </ClInclude>
    <ClInclude Include="External\glm\glm\ext\vector_uint3.hpp">
      <Filter>External\glm\glm\ext</Filter>
    </ClInclude>
    <ClInclude Include="External\glm\glm\ext\vector_uint3_sized.hpp">
      <Filter>External\glm\glm\ext</Filter>
    </ClInclude>
    <ClInclude Include="External\glm\glm\ext\vector_uint4.hpp">
      <Filter>External\glm\glm\ext</Filter>
    </ClInclude>
    <ClInclude Include="External\glm\glm\ext\vector_uint4_sized.hpp">
      <Filter>External\glm\glm\ext</Filter>
    </ClInclude>
    <ClInclude Include="External\glm\glm\ext\vector_ulp.hpp">
      <Filter>External\glm\glm\ext</Filter>
    </ClInclude>
    <ClInclude Include="External\glm\glm\fwd.hpp">
      <Filter>External\glm\glm</Filter>
    </ClInclude>
    <ClInclude Include="External\glm\glm\geometric.hpp">
      <Filter>External\glm\glm</Filter>
    </ClInclude>
    <ClInclude Include="External\glm\glm\glm.hpp">
      <Filter>External\glm\glm</Filter>
    </ClInclude>
    <ClInclude Include="External\glm\glm\gtc\bitfield.hpp">
      <Filter>External\glm\glm\gtc</Filter>
    </ClInclude>
    <ClInclude Include="External\glm\glm\gtc\color_space.hpp">
      <Filter>External\glm\glm\gtc</Filter>
    </ClInclude>
    <ClInclude Include="External\glm\glm\gtc\constants.hpp">
      <Filter>External\glm\glm\gtc</Filter>
    </ClInclude>
    <ClInclude Include="External\glm\glm\gtc\epsilon.hpp">
      <Filter>External\glm\glm\gtc</Filter>
    </ClInclude>
    <ClInclude Include="External\glm\glm\gtc\integer.hpp">
      <Filter>External\glm\glm\gtc</Filter>
    </ClInclude>
    <ClInclude Include="External\glm\glm\gtc\matrix_access.hpp">
      <Filter>External\glm\glm\gtc</Filter>
    </ClInclude>
    <ClInclude Include="External\glm\glm\gtc\matrix_integer.hpp">
      <Filter>External\glm\glm\gtc</Filter>
    </ClInclude>
    <ClInclude Include="External\glm\glm\gtc\matrix_inverse.hpp">
      <Filter>External\glm\glm\gtc</Filter>
    </ClInclude>
    <ClInclude Include="External\glm\glm\gtc\matrix_transform.hpp">
      <Filter>External\glm\glm\gtc</Filter>
    </ClInclude>
    <ClInclude Include="External\glm\glm\gtc\noise.hpp">
      <Filter>External\glm\glm\gtc</Filter>
    </ClInclude>
    <ClInclude Include="External\glm\glm\gtc\packing.hpp">
      <Filter>External\glm\glm\gtc</Filter>
    </ClInclude>
    <ClInclude Include="External\glm\glm\gtc\quaternion.hpp">
      <Filter>External\glm\glm\gtc</Filter>
    </ClInclude>
    <ClInclude Include="External\glm\glm\gtc\random.hpp">
      <Filter>External\glm\glm\gtc</Filter>
    </ClInclude>
    <ClInclude Include="External\glm\glm\gtc\reciprocal.hpp">
      <Filter>External\glm\glm\gtc</Filter>
    </ClInclude>
    <ClInclude Include="External\glm\glm\gtc\round.hpp">
      <Filter>External\glm\glm\gtc</Filter>
    </ClInclude>
    <ClInclude Include="External\glm\glm\gtc\type_aligned.hpp">
      <Filter>External\glm\glm\gtc</Filter>
    </ClInclude>
    <ClInclude Include="External\glm\glm\gtc\type_precision.hpp">
      <Filter>External\glm\glm\gtc</Filter>
    </ClInclude>
    <ClInclude Include="External\glm\glm\gtc\type_ptr.hpp">
      <Filter>External\glm\glm\gtc</Filter>
    </ClInclude>
    <ClInclude Include="External\glm\glm\gtc\ulp.hpp">
      <Filter>External\glm\glm\gtc</Filter>
    </ClInclude>
    <ClInclude Include="External\glm\glm\gtc\vec1.hpp">
      <Filter>External\glm\glm\gtc</Filter>
    </ClInclude>
    <ClInclude Include="External\glm\glm\gtx\associated_min_max.hpp">
      <Filter>External\glm\glm\gtx</Filter>
    </ClInclude>
    <ClInclude Include="External\glm\glm\gtx\bit.hpp">
      <Filter>External\glm\glm\gtx</Filter>
    </ClInclude>
    <ClInclude Include="External\glm\glm\gtx\closest_point.hpp">
      <Filter>External\glm\glm\gtx</Filter>
    </ClInclude>
    <ClInclude Include="External\glm\glm\gtx\color_encoding.hpp">
      <Filter>External\glm\glm\gtx</Filter>
    </ClInclude>
    <ClInclude Include="External\glm\glm\gtx\color_space.hpp">
      <Filter>External\glm\glm\gtx</Filter>
    </ClInclude>
    <ClInclude Include="External\glm\glm\gtx\color_space_YCoCg.hpp">
      <Filter>External\glm\glm\gtx</Filter>
    </ClInclude>
    <ClInclude Include="External\glm\glm\gtx\common.hpp">
      <Filter>External\glm\glm\gtx</Filter>
    </ClInclude>
    <ClInclude Include="External\glm\glm\gtx\compatibility.hpp">
      <Filter>External\glm\glm\gtx</Filter>
    </ClInclude>
    <ClInclude Include="External\glm\glm\gtx\component_wise.hpp">
      <Filter>External\glm\glm\gtx</Filter>
    </ClInclude>
    <ClInclude Include="External\glm\glm\gtx\dual_quaternion.hpp">
      <Filter>External\glm\glm\gtx</Filter>
    </ClInclude>
    <ClInclude Include="External\glm\glm\gtx\easing.hpp">
      <Filter>External\glm\glm\gtx</Filter>
    </ClInclude>
    <ClInclude Include="External\glm\glm\gtx\euler_angles.hpp">
      <Filter>External\glm\glm\gtx</Filter>
    </ClInclude>
    <ClInclude Include="External\glm\glm\gtx\extend.hpp">
      <Filter>External\glm\glm\gtx</Filter>
    </ClInclude>
    <ClInclude Include="External\glm\glm\gtx\extended_min_max.hpp">
      <Filter>External\glm\glm\gtx</Filter>
    </ClInclude>
    <ClInclude Include="External\glm\glm\gtx\exterior_product.hpp">
      <Filter>External\glm\glm\gtx</Filter>
    </ClInclude>
    <ClInclude Include="External\glm\glm\gtx\fast_exponential.hpp">
      <Filter>External\glm\glm\gtx</Filter>
    </ClInclude>
    <ClInclude Include="External\glm\glm\gtx\fast_square_root.hpp">
      <Filter>External\glm\glm\gtx</Filter>
    </ClInclude>
    <ClInclude Include="External\glm\glm\gtx\fast_trigonometry.hpp">
      <Filter>External\glm\glm\gtx</Filter>
    </ClInclude>
    <ClInclude Include="External\glm\glm\gtx\functions.hpp">
      <Filter>External\glm\glm\gtx</Filter>
    </ClInclude>
    <ClInclude Include="External\glm\glm\gtx\gradient_paint.hpp">
      <Filter>External\glm\glm\gtx</Filter>
    </ClInclude>
    <ClInclude Include="External\glm\glm\gtx\handed_coordinate_space.hpp">
      <Filter>External\glm\glm\gtx</Filter>
    </ClInclude>
    <ClInclude Include="External\glm\glm\gtx\hash.hpp">
      <Filter>External\glm\glm\gtx</Filter>
    </ClInclude>
    <ClInclude Include="External\glm\glm\gtx\integer.hpp">
      <Filter>External\glm\glm\gtx</Filter>
    </ClInclude>
    <ClInclude Include="External\glm\glm\gtx\intersect.hpp">
      <Filter>External\glm\glm\gtx</Filter>
    </ClInclude>
    <ClInclude Include="External\glm\glm\gtx\io.hpp">
      <Filter>External\glm\glm\gtx</Filter>
    </ClInclude>
    <ClInclude Include="External\glm\glm\gtx\log_base.hpp">
      <Filter>External\glm\glm\gtx</Filter>
    </ClInclude>
    <ClInclude Include="External\glm\glm\gtx\matrix_cross_product.hpp">
      <Filter>External\glm\glm\gtx</Filter>
    </ClInclude>
    <ClInclude Include="External\glm\glm\gtx\matrix_decompose.hpp">
      <Filter>External\glm\glm\gtx</Filter>
    </ClInclude>
    <ClInclude Include="External\glm\glm\gtx\matrix_factorisation.hpp">
      <Filter>External\glm\glm\gtx</Filter>
    </ClInclude>
    <ClInclude Include="External\glm\glm\gtx\matrix_interpolation.hpp">
      <Filter>External\glm\glm\gtx</Filter>
    </ClInclude>
    <ClInclude Include="External\glm\glm\gtx\matrix_major_storage.hpp">
      <Filter>External\glm\glm\gtx</Filter>
    </ClInclude>
    <ClInclude Include="External\glm\glm\gtx\matrix_operation.hpp">
      <Filter>External\glm\glm\gtx</Filter>
    </ClInclude>
    <ClInclude Include="External\glm\glm\gtx\matrix_query.hpp">
      <Filter>External\glm\glm\gtx</Filter>
    </ClInclude>
    <ClInclude Include="External\glm\glm\gtx\matrix_transform_2d.hpp">
      <Filter>External\glm\glm\gtx</Filter>
    </ClInclude>
    <ClInclude Include="External\glm\glm\gtx\mixed_product.hpp">
      <Filter>External\glm\glm\gtx</Filter>
    </ClInclude>
    <ClInclude Include="External\glm\glm\gtx\norm.hpp">
      <Filter>External\glm\glm\gtx</Filter>
    </ClInclude>
    <ClInclude Include="External\glm\glm\gtx\normal.hpp">
      <Filter>External\glm\glm\gtx</Filter>
    </ClInclude>
    <ClInclude Include="External\glm\glm\gtx\normalize_dot.hpp">
      <Filter>External\glm\glm\gtx</Filter>
    </ClInclude>
    <ClInclude Include="External\glm\glm\gtx\number_precision.hpp">
      <Filter>External\glm\glm\gtx</Filter>
    </ClInclude>
    <ClInclude Include="External\glm\glm\gtx\optimum_pow.hpp">
      <Filter>External\glm\glm\gtx</Filter>
    </ClInclude>
    <ClInclude Include="External\glm\glm\gtx\orthonormalize.hpp">
      <Filter>External\glm\glm\gtx</Filter>
    </ClInclude>
    <ClInclude Include="External\glm\glm\gtx\pca.hpp">
      <Filter>External\glm\glm\gtx</Filter>
    </ClInclude>
    <ClInclude Include="External\glm\glm\gtx\perpendicular.hpp">
      <Filter>External\glm\glm\gtx</Filter>
    </ClInclude>
    <ClInclude Include="External\glm\glm\gtx\polar_coordinates.hpp">
      <Filter>External\glm\glm\gtx</Filter>
    </ClInclude>
    <ClInclude Include="External\glm\glm\gtx\projection.hpp">
      <Filter>External\glm\glm\gtx</Filter>
    </ClInclude>
    <ClInclude Include="External\glm\glm\gtx\quaternion.hpp">
      <Filter>External\glm\glm\gtx</Filter>
    </ClInclude>
    <ClInclude Include="External\glm\glm\gtx\range.hpp">
      <Filter>External\glm\glm\gtx</Filter>
    </ClInclude>
    <ClInclude Include="External\glm\glm\gtx\raw_data.hpp">
      <Filter>External\glm\glm\gtx</Filter>
    </ClInclude>
    <ClInclude Include="External\glm\glm\gtx\rotate_normalized_axis.hpp">
      <Filter>External\glm\glm\gtx</Filter>
    </ClInclude>
    <ClInclude Include="External\glm\glm\gtx\rotate_vector.hpp">
      <Filter>External\glm\glm\gtx</Filter>
    </ClInclude>
    <ClInclude Include="External\glm\glm\gtx\scalar_multiplication.hpp">
      <Filter>External\glm\glm\gtx</Filter>
    </ClInclude>
    <ClInclude Include="External\glm\glm\gtx\scalar_relational.hpp">
      <Filter>External\glm\glm\gtx</Filter>
    </ClInclude>
    <ClInclude Include="External\glm\glm\gtx\spline.hpp">
      <Filter>External\glm\glm\gtx</Filter>
    </ClInclude>
    <ClInclude Include="External\glm\glm\gtx\std_based_type.hpp">
      <Filter>External\glm\glm\gtx</Filter>
    </ClInclude>
    <ClInclude Include="External\glm\glm\gtx\string_cast.hpp">
      <Filter>External\glm\glm\gtx</Filter>
    </ClInclude>
    <ClInclude Include="External\glm\glm\gtx\texture.hpp">
      <Filter>External\glm\glm\gtx</Filter>
    </ClInclude>
    <ClInclude Include="External\glm\glm\gtx\transform.hpp">
      <Filter>External\glm\glm\gtx</Filter>
    </ClInclude>
    <ClInclude Include="External\glm\glm\gtx\transform2.hpp">
      <Filter>External\glm\glm\gtx</Filter>
    </ClInclude>
    <ClInclude Include="External\glm\glm\gtx\type_aligned.hpp">
      <Filter>External\glm\glm\gtx</Filter>
    </ClInclude>
    <ClInclude Include="External\glm\glm\gtx\type_trait.hpp">
      <Filter>External\glm\glm\gtx</Filter>
    </ClInclude>
    <ClInclude Include="External\glm\glm\gtx\vec_swizzle.hpp">
      <Filter>External\glm\glm\gtx</Filter>
    </ClInclude>
    <ClInclude Include="External\glm\glm\gtx\vector_angle.hpp">
      <Filter>External\glm\glm\gtx</Filter>
    </ClInclude>
    <ClInclude Include="External\glm\glm\gtx\vector_query.hpp">
      <Filter>External\glm\glm\gtx</Filter>
    </ClInclude>
    <ClInclude Include="External\glm\glm\gtx\wrap.hpp">
      <Filter>External\glm\glm\gtx</Filter>
    </ClInclude>
    <ClInclude Include="External\glm\glm\integer.hpp">
      <Filter>External\glm\glm</Filter>
    </ClInclude>
    <ClInclude Include="External\glm\glm\mat2x2.hpp">
      <Filter>External\glm\glm</Filter>
    </ClInclude>
    <ClInclude Include="External\glm\glm\mat2x3.hpp">
      <Filter>External\glm\glm</Filter>
    </ClInclude>
    <ClInclude Include="External\glm\glm\mat2x4.hpp">
      <Filter>External\glm\glm</Filter>
    </ClInclude>
    <ClInclude Include="External\glm\glm\mat3x2.hpp">
      <Filter>External\glm\glm</Filter>
    </ClInclude>
    <ClInclude Include="External\glm\glm\mat3x3.hpp">
      <Filter>External\glm\glm</Filter>
    </ClInclude>
    <ClInclude Include="External\glm\glm\mat3x4.hpp">
      <Filter>External\glm\glm</Filter>
    </ClInclude>
    <ClInclude Include="External\glm\glm\mat4x2.hpp">
      <Filter>External\glm\glm</Filter>
    </ClInclude>
    <ClInclude Include="External\glm\glm\mat4x3.hpp">
      <Filter>External\glm\glm</Filter>
    </ClInclude>
    <ClInclude Include="External\glm\glm\mat4x4.hpp">
      <Filter>External\glm\glm</Filter>
    </ClInclude>
    <ClInclude Include="External\glm\glm\matrix.hpp">
      <Filter>External\glm\glm</Filter>
    </ClInclude>
    <ClInclude Include="External\glm\glm\packing.hpp">
      <Filter>External\glm\glm</Filter>
    </ClInclude>
    <ClInclude Include="External\glm\glm\trigonometric.hpp">
      <Filter>External\glm\glm</Filter>
    </ClInclude>
    <ClInclude Include="External\glm\glm\vec2.hpp">
      <Filter>External\glm\glm</Filter>
    </ClInclude>
    <ClInclude Include="External\glm\glm\vec3.hpp">
      <Filter>External\glm\glm</Filter>
    </ClInclude>
    <ClInclude Include="External\glm\glm\vec4.hpp">
      <Filter>External\glm\glm</Filter>
    </ClInclude>
    <ClInclude Include="External\glm\glm\vector_relational.hpp">
      <Filter>External\glm\glm</Filter>
    </ClInclude>
    <ClInclude Include="External\stb_image\stb_image.h">
      <Filter>External\stb_image</Filter>
    </ClInclude>
  </ItemGroup>
  <ItemGroup>
    <ClCompile Include="Core\Chapter1\Chapter1.Camera.cpp">
      <Filter>Core\Chapter1</Filter>
    </ClCompile>
    <ClCompile Include="Core\Chapter1\Chapter1.CoordinateSystems.cpp">
      <Filter>Core\Chapter1</Filter>
    </ClCompile>
    <ClCompile Include="Core\Chapter1\Chapter1.Texture.cpp">
      <Filter>Core\Chapter1</Filter>
    </ClCompile>
    <ClCompile Include="Core\Chapter1\Chapter1.Transformations.cpp">
      <Filter>Core\Chapter1</Filter>
    </ClCompile>
    <ClCompile Include="Core\Chapter1\Chapter1.cpp">
      <Filter>Core\Chapter1</Filter>
    </ClCompile>
    <ClCompile Include="Core\Chapter2\Chapter2_1.Colors.cpp">
      <Filter>Core\Chapter2</Filter>
    </ClCompile>
    <ClCompile Include="Core\Chapter2\Chapter2_2.BasicLighting.cpp">
      <Filter>Core\Chapter2</Filter>
    </ClCompile>
    <ClCompile Include="Core\Chapter2\Chapter2_3.Materials.cpp">
      <Filter>Core\Chapter2</Filter>
    </ClCompile>
    <ClCompile Include="Core\Chapter2\Chapter2_4.LightingMaps.cpp">
      <Filter>Core\Chapter2</Filter>
    </ClCompile>
    <ClCompile Include="Core\Chapter2\Chapter2_5.LightCastersDirectional.cpp">
      <Filter>Core\Chapter2</Filter>
    </ClCompile>
    <ClCompile Include="Core\Chapter2\Chapter2_5.LightCastersPoint.cpp">
      <Filter>Core\Chapter2</Filter>
    </ClCompile>
    <ClCompile Include="Core\Chapter2\Chapter2_5.LightCastersSpot.cpp">
      <Filter>Core\Chapter2</Filter>
    </ClCompile>
    <ClCompile Include="Core\Chapter2\Chapter2_6.MultipleLights.cpp">
      <Filter>Core\Chapter2</Filter>
    </ClCompile>
    <ClCompile Include="Core\Chapter3\Chapter3.cpp">
      <Filter>Core\Chapter3</Filter>
    </ClCompile>
    <ClCompile Include="Core\Chapter4\Chapter4_1.DepthTesting.cpp">
      <Filter>Core\Chapter4</Filter>
    </ClCompile>
    <ClCompile Include="Core\Chapter4\Chapter4_2.StencilTesting.cpp">
      <Filter>Core\Chapter4</Filter>
    </ClCompile>
    <ClCompile Include="Core\Chapter4\Chapter4_3.Blending.cpp">
      <Filter>Core\Chapter4</Filter>
    </ClCompile>
    <ClCompile Include="Core\Chapter4\Chapter4_4.FrameBuffers.cpp">
      <Filter>Core\Chapter4</Filter>
    </ClCompile>
    <ClCompile Include="Core\Chapter4\Chapter4_5.Cubemaps.cpp">
      <Filter>Core\Chapter4</Filter>
    </ClCompile>
    <ClCompile Include="Core\Chapter4\Chapter4_6.UBO.cpp">
      <Filter>Core\Chapter4</Filter>
    </ClCompile>
    <ClCompile Include="Core\Common\Utility.cpp">
      <Filter>Core\Common</Filter>
    </ClCompile>
    <ClCompile Include="Core\main.cpp">
      <Filter>Core</Filter>
    </ClCompile>
    <ClCompile Include="External\stb_image\stb_image.cpp">
      <Filter>External\stb_image</Filter>
    </ClCompile>
  </ItemGroup>
  <ItemGroup>
    <None Include="Shaders\Chapter1\3.3.shader.fs">
      <Filter>Shaders\Chapter1</Filter>
    </None>
    <None Include="Shaders\Chapter1\3.3.shader.vs">
      <Filter>Shaders\Chapter1</Filter>
    </None>
    <None Include="Shaders\Chapter1\4.1.texture.fs">
      <Filter>Shaders\Chapter1</Filter>
    </None>
    <None Include="Shaders\Chapter1\4.1.texture.vs">
      <Filter>Shaders\Chapter1</Filter>
    </None>
    <None Include="Shaders\Chapter1\5.1.transform.fs">
      <Filter>Shaders\Chapter1</Filter>
    </None>
    <None Include="Shaders\Chapter1\5.1.transform.vs">
      <Filter>Shaders\Chapter1</Filter>
    </None>
    <None Include="Shaders\Chapter1\6.1.coordinate_systems.fs">
      <Filter>Shaders\Chapter1</Filter>
    </None>
    <None Include="Shaders\Chapter1\6.1.coordinate_systems.vs">
      <Filter>Shaders\Chapter1</Filter>
    </None>
    <None Include="Shaders\Chapter1\7.1.camera.fs">
      <Filter>Shaders\Chapter1</Filter>
    </None>
    <None Include="Shaders\Chapter1\7.1.camera.vs">
      <Filter>Shaders\Chapter1</Filter>
    </None>
    <None Include="Shaders\Chapter2\1.colors.fs">
      <Filter>Shaders\Chapter2</Filter>
    </None>
    <None Include="Shaders\Chapter2\1.colors.vs">
      <Filter>Shaders\Chapter2</Filter>
    </None>
    <None Include="Shaders\Chapter2\1.light_cube.fs">
      <Filter>Shaders\Chapter2</Filter>
    </None>
    <None Include="Shaders\Chapter2\1.light_cube.vs">
      <Filter>Shaders\Chapter2</Filter>
    </None>
    <None Include="Shaders\Chapter2\2.1.basic_lighting.fs">
      <Filter>Shaders\Chapter2</Filter>
    </None>
    <None Include="Shaders\Chapter2\2.1.basic_lighting.vs">
      <Filter>Shaders\Chapter2</Filter>
    </None>
    <None Include="Shaders\Chapter2\2.1.light_cube.fs">
      <Filter>Shaders\Chapter2</Filter>
    </None>
    <None Include="Shaders\Chapter2\2.1.light_cube.vs">
      <Filter>Shaders\Chapter2</Filter>
    </None>
    <None Include="Shaders\Chapter2\3.1.materials.fs">
      <Filter>Shaders\Chapter2</Filter>
    </None>
    <None Include="Shaders\Chapter2\3.1.materials.vs">
      <Filter>Shaders\Chapter2</Filter>
    </None>
    <None Include="Shaders\Chapter2\4.2.lighting_maps.fs">
      <Filter>Shaders\Chapter2</Filter>
    </None>
    <None Include="Shaders\Chapter2\4.2.lighting_maps.vs">
      <Filter>Shaders\Chapter2</Filter>
    </None>
    <None Include="Shaders\Chapter2\5.1.light_casters.fs">
      <Filter>Shaders\Chapter2</Filter>
    </None>
    <None Include="Shaders\Chapter2\5.1.light_casters.vs">
      <Filter>Shaders\Chapter2</Filter>
    </None>
    <None Include="Shaders\Chapter2\5.2.light_casters.fs">
      <Filter>Shaders\Chapter2</Filter>
    </None>
    <None Include="Shaders\Chapter2\5.2.light_casters.vs">
      <Filter>Shaders\Chapter2</Filter>
    </None>
    <None Include="Shaders\Chapter2\5.4.light_casters.fs">
      <Filter>Shaders\Chapter2</Filter>
    </None>
    <None Include="Shaders\Chapter2\5.4.light_casters.vs">
      <Filter>Shaders\Chapter2</Filter>
    </None>
    <None Include="Shaders\Chapter2\6.light_cube.fs">
      <Filter>Shaders\Chapter2</Filter>
    </None>
    <None Include="Shaders\Chapter2\6.multiple_lights.fs">
      <Filter>Shaders\Chapter2</Filter>
    </None>
    <None Include="Shaders\Chapter2\6.multiple_lights.vs">
      <Filter>Shaders\Chapter2</Filter>
    </None>
    <None Include="Shaders\Chapter3\1.model_loading.fs">
      <Filter>Shaders\Chapter3</Filter>
    </None>
    <None Include="Shaders\Chapter3\1.model_loading.vs">
      <Filter>Shaders\Chapter3</Filter>
    </None>
    <None Include="Shaders\Chapter4\1.1.depth_testing.fs">
      <Filter>Shaders\Chapter4</Filter>
    </None>
    <None Include="Shaders\Chapter4\1.1.depth_testing.vs">
      <Filter>Shaders\Chapter4</Filter>
    </None>
    <None Include="Shaders\Chapter4\2.stencil_single_color.fs">
      <Filter>Shaders\Chapter4</Filter>
    </None>
    <None Include="Shaders\Chapter4\2.stencil_testing.fs">
      <Filter>Shaders\Chapter4</Filter>
    </None>
    <None Include="Shaders\Chapter4\2.stencil_testing.vs">
      <Filter>Shaders\Chapter4</Filter>
    </None>
    <None Include="Shaders\Chapter4\3.1.blending.fs">
      <Filter>Shaders\Chapter4</Filter>
    </None>
    <None Include="Shaders\Chapter4\3.1.blending.vs">
      <Filter>Shaders\Chapter4</Filter>
    </None>
    <None Include="Shaders\Chapter4\5.1.framebuffers.fs">
      <Filter>Shaders\Chapter4</Filter>
    </None>
    <None Include="Shaders\Chapter4\5.1.framebuffers.vs">
      <Filter>Shaders\Chapter4</Filter>
    </None>
    <None Include="Shaders\Chapter4\5.1.framebuffers_screen.fs">
      <Filter>Shaders\Chapter4</Filter>
    </None>
    <None Include="Shaders\Chapter4\5.1.framebuffers_screen.vs">
      <Filter>Shaders\Chapter4</Filter>
    </None>
    <None Include="Shaders\Chapter4\6.1.cubemaps.fs">
      <Filter>Shaders\Chapter4</Filter>
    </None>
    <None Include="Shaders\Chapter4\6.1.cubemaps.vs">
      <Filter>Shaders\Chapter4</Filter>
    </None>
    <None Include="Shaders\Chapter4\6.1.skybox.fs">
      <Filter>Shaders\Chapter4</Filter>
    </None>
    <None Include="Shaders\Chapter4\6.1.skybox.vs">
      <Filter>Shaders\Chapter4</Filter>
    </None>
    <None Include="Shaders\Chapter4\8.advanced_glsl.vs">
      <Filter>Shaders\Chapter4</Filter>
    </None>
    <None Include="Shaders\Chapter4\8.blue.fs">
      <Filter>Shaders\Chapter4</Filter>
    </None>
    <None Include="Shaders\Chapter4\8.green.fs">
      <Filter>Shaders\Chapter4</Filter>
    </None>
    <None Include="Shaders\Chapter4\8.red.fs">
      <Filter>Shaders\Chapter4</Filter>
    </None>
    <None Include="Shaders\Chapter4\8.yellow.fs">
      <Filter>Shaders\Chapter4</Filter>
    </None>
  </ItemGroup>
  <ItemGroup>
    <Image Include="Textures\awesomeface.png">
      <Filter>Textures</Filter>
    </Image>
    <Image Include="Textures\container.jpg">
      <Filter>Textures</Filter>
    </Image>
    <Image Include="Textures\container2.png">
      <Filter>Textures</Filter>
    </Image>
    <Image Include="Textures\container2_specular.png">
      <Filter>Textures</Filter>
    </Image>
    <Image Include="Textures\grass.png">
      <Filter>Textures</Filter>
    </Image>
    <Image Include="Textures\marble.jpg">
      <Filter>Textures</Filter>
    </Image>
    <Image Include="Textures\matrix.jpg">
      <Filter>Textures</Filter>
    </Image>
    <Image Include="Textures\metal.png">
      <Filter>Textures</Filter>
    </Image>
    <Image Include="Textures\window.png">
      <Filter>Textures</Filter>
    </Image>
  </ItemGroup>
</Project>